
Microsoft Visual Studio Solution File, Format Version 12.00
# Visual Studio Version 17
VisualStudioVersion = 17.0.31903.59
MinimumVisualStudioVersion = 10.0.40219.1
Project("{2150E333-8FDC-42A3-9474-1A3956D46DE8}") = "src", "src", "{3C790461-40AF-4470-993B-5AA7A1819E98}"
EndProject
Project("{FAE04EC0-301F-11D3-BF4B-00C04F79EFBC}") = "ScreenShield.UI", "src\ScreenShield.UI\ScreenShield.UI.csproj", "{0D2EB257-7ABB-4E85-A92D-C97C679BCBB8}"
EndProject
Project("{FAE04EC0-301F-11D3-BF4B-00C04F79EFBC}") = "ScreenShield.Core", "src\ScreenShield.Core\ScreenShield.Core.csproj", "{89363C5E-BE3D-474D-A6E9-CC98A83FCDA9}"
EndProject
Project("{FAE04EC0-301F-11D3-BF4B-00C04F79EFBC}") = "ScreenShield.Infrastructure", "src\ScreenShield.Infrastructure\ScreenShield.Infrastructure.csproj", "{E57762A2-8487-448A-8EBB-2377C9DA4C4D}"
EndProject
Global
	GlobalSection(SolutionConfigurationPlatforms) = preSolution
		Debug|Any CPU = Debug|Any CPU
		Release|Any CPU = Release|Any CPU
	EndGlobalSection
	GlobalSection(SolutionProperties) = preSolution
		HideSolutionNode = FALSE
	EndGlobalSection
	GlobalSection(ProjectConfigurationPlatforms) = postSolution
		{0D2EB257-7ABB-4E85-A92D-C97C679BCBB8}.Debug|Any CPU.ActiveCfg = Debug|Any CPU
		{0D2EB257-7ABB-4E85-A92D-C97C679BCBB8}.Debug|Any CPU.Build.0 = Debug|Any CPU
		{0D2EB257-7ABB-4E85-A92D-C97C679BCBB8}.Release|Any CPU.ActiveCfg = Release|Any CPU
		{0D2EB257-7ABB-4E85-A92D-C97C679BCBB8}.Release|Any CPU.Build.0 = Release|Any CPU
		{89363C5E-BE3D-474D-A6E9-CC98A83FCDA9}.Debug|Any CPU.ActiveCfg = Debug|Any CPU
		{89363C5E-BE3D-474D-A6E9-CC98A83FCDA9}.Debug|Any CPU.Build.0 = Debug|Any CPU
		{89363C5E-BE3D-474D-A6E9-CC98A83FCDA9}.Release|Any CPU.ActiveCfg = Release|Any CPU
		{89363C5E-BE3D-474D-A6E9-CC98A83FCDA9}.Release|Any CPU.Build.0 = Release|Any CPU
		{E57762A2-8487-448A-8EBB-2377C9DA4C4D}.Debug|Any CPU.ActiveCfg = Debug|Any CPU
		{E57762A2-8487-448A-8EBB-2377C9DA4C4D}.Debug|Any CPU.Build.0 = Debug|Any CPU
		{E57762A2-8487-448A-8EBB-2377C9DA4C4D}.Release|Any CPU.ActiveCfg = Release|Any CPU
		{E57762A2-8487-448A-8EBB-2377C9DA4C4D}.Release|Any CPU.Build.0 = Release|Any CPU
	EndGlobalSection
	GlobalSection(NestedProjects) = preSolution
		{0D2EB257-7ABB-4E85-A92D-C97C679BCBB8} = {3C790461-40AF-4470-993B-5AA7A1819E98}
		{89363C5E-BE3D-474D-A6E9-CC98A83FCDA9} = {3C790461-40AF-4470-993B-5AA7A1819E98}
		{E57762A2-8487-448A-8EBB-2377C9DA4C4D} = {3C790461-40AF-4470-993B-5AA7A1819E98}
	EndGlobalSection
EndGlobal
